
Microsoft Visual Studio Solution File, Format Version 12.00
# Visual Studio Version 17
VisualStudioVersion = 17.0.32014.148
MinimumVisualStudioVersion = 10.0.40219.1
Project("{2150E333-8FDC-42A3-9474-1A3956D46DE8}") = "Source", "Source", "{94112010-9D5A-487C-A0CA-69EFE58290AE}"
EndProject
Project("{9A19103F-16F7-4668-BE54-9A1E7A4F7556}") = "OriolOr.Maneko.Contracts", "source\OriolOr.Maneko.Contracts\OriolOr.Maneko.Contracts.csproj", "{47FBA98F-D0D6-4759-AD4D-597651EA7ACE}"
EndProject
Project("{9A19103F-16F7-4668-BE54-9A1E7A4F7556}") = "OriolOr.Maneko.Services", "source\OriolOr.Maneko.Services\OriolOr.Maneko.Services.csproj", "{F1E984FC-923D-4D11-AC54-5E3BA5232FDF}"
EndProject
Project("{FAE04EC0-301F-11D3-BF4B-00C04F79EFBC}") = "OriolOr.Maneko.API", "OriolOr.Maneko.API\OriolOr.Maneko.API.csproj", "{BF1D06ED-6295-42FE-82FB-304B8C5DE180}"
EndProject
Global
	GlobalSection(SolutionConfigurationPlatforms) = preSolution
		Debug|Any CPU = Debug|Any CPU
		Release|Any CPU = Release|Any CPU
	EndGlobalSection
	GlobalSection(ProjectConfigurationPlatforms) = postSolution
		{47FBA98F-D0D6-4759-AD4D-597651EA7ACE}.Debug|Any CPU.ActiveCfg = Debug|Any CPU
		{47FBA98F-D0D6-4759-AD4D-597651EA7ACE}.Debug|Any CPU.Build.0 = Debug|Any CPU
		{47FBA98F-D0D6-4759-AD4D-597651EA7ACE}.Release|Any CPU.ActiveCfg = Release|Any CPU
		{47FBA98F-D0D6-4759-AD4D-597651EA7ACE}.Release|Any CPU.Build.0 = Release|Any CPU
		{F1E984FC-923D-4D11-AC54-5E3BA5232FDF}.Debug|Any CPU.ActiveCfg = Debug|Any CPU
		{F1E984FC-923D-4D11-AC54-5E3BA5232FDF}.Debug|Any CPU.Build.0 = Debug|Any CPU
		{F1E984FC-923D-4D11-AC54-5E3BA5232FDF}.Release|Any CPU.ActiveCfg = Release|Any CPU
		{F1E984FC-923D-4D11-AC54-5E3BA5232FDF}.Release|Any CPU.Build.0 = Release|Any CPU
		{BF1D06ED-6295-42FE-82FB-304B8C5DE180}.Debug|Any CPU.ActiveCfg = Debug|Any CPU
		{BF1D06ED-6295-42FE-82FB-304B8C5DE180}.Debug|Any CPU.Build.0 = Debug|Any CPU
		{BF1D06ED-6295-42FE-82FB-304B8C5DE180}.Release|Any CPU.ActiveCfg = Release|Any CPU
		{BF1D06ED-6295-42FE-82FB-304B8C5DE180}.Release|Any CPU.Build.0 = Release|Any CPU
	EndGlobalSection
	GlobalSection(SolutionProperties) = preSolution
		HideSolutionNode = FALSE
	EndGlobalSection
	GlobalSection(NestedProjects) = preSolution
		{47FBA98F-D0D6-4759-AD4D-597651EA7ACE} = {94112010-9D5A-487C-A0CA-69EFE58290AE}
		{F1E984FC-923D-4D11-AC54-5E3BA5232FDF} = {94112010-9D5A-487C-A0CA-69EFE58290AE}
		{BF1D06ED-6295-42FE-82FB-304B8C5DE180} = {94112010-9D5A-487C-A0CA-69EFE58290AE}
	EndGlobalSection
	GlobalSection(ExtensibilityGlobals) = postSolution
		SolutionGuid = {F490FAF1-4C04-489D-ADE4-455DF8FE30B3}
	EndGlobalSection
EndGlobal
