
Microsoft Visual Studio Solution File, Format Version 12.00
# Visual Studio Version 17
VisualStudioVersion = 17.0.32014.148
MinimumVisualStudioVersion = 10.0.40219.1
Project("{2150E333-8FDC-42A3-9474-1A3956D46DE8}") = "Source", "Source", "{94112010-9D5A-487C-A0CA-69EFE58290AE}"
EndProject
Project("{2150E333-8FDC-42A3-9474-1A3956D46DE8}") = "Data", "Data", "{ECF15B73-60D5-4087-93E5-410BC4FEC477}"
	ProjectSection(SolutionItems) = preProject
		source\OriolOr.Maneko.Services\BankData.json = source\OriolOr.Maneko.Services\BankData.json
	EndProjectSection
EndProject
Project("{9A19103F-16F7-4668-BE54-9A1E7A4F7556}") = "OriolOr.Maneko.API", "source\API\OriolOr.Maneko.API.csproj", "{145764CA-1445-4D5D-85E8-6B577F302D5A}"
EndProject
Project("{9A19103F-16F7-4668-BE54-9A1E7A4F7556}") = "OriolOr.Maneko.Contracts", "source\Contracts\OriolOr.Maneko.Contracts.csproj", "{491C020A-D132-4A97-88CE-C9C6FD71F917}"
EndProject
Project("{9A19103F-16F7-4668-BE54-9A1E7A4F7556}") = "OriolOr.Maneko.Infrastructure", "source\Infrastructure\OriolOr.Maneko.Infrastructure.csproj", "{C9967AEF-9550-482C-A4DB-EFE0A631DF9D}"
EndProject
Project("{9A19103F-16F7-4668-BE54-9A1E7A4F7556}") = "OriolOr.Maneko.Services", "source\Services\OriolOr.Maneko.Services.csproj", "{5EB759C9-D1CC-472B-BF9E-7A007B5F796F}"
EndProject
Project("{FAE04EC0-301F-11D3-BF4B-00C04F79EFBC}") = "OriolOr.Maneko.ExternalCom", "OriolOr.Maneko.ExternalCom\OriolOr.Maneko.ExternalCom.csproj", "{EDD8FCDC-5ED8-46FD-A7FC-1CEE3DB062F0}"
EndProject
Global
	GlobalSection(SolutionConfigurationPlatforms) = preSolution
		Debug|Any CPU = Debug|Any CPU
		Release|Any CPU = Release|Any CPU
	EndGlobalSection
	GlobalSection(ProjectConfigurationPlatforms) = postSolution
		{145764CA-1445-4D5D-85E8-6B577F302D5A}.Debug|Any CPU.ActiveCfg = Debug|Any CPU
		{145764CA-1445-4D5D-85E8-6B577F302D5A}.Debug|Any CPU.Build.0 = Debug|Any CPU
		{145764CA-1445-4D5D-85E8-6B577F302D5A}.Release|Any CPU.ActiveCfg = Release|Any CPU
		{145764CA-1445-4D5D-85E8-6B577F302D5A}.Release|Any CPU.Build.0 = Release|Any CPU
		{491C020A-D132-4A97-88CE-C9C6FD71F917}.Debug|Any CPU.ActiveCfg = Debug|Any CPU
		{491C020A-D132-4A97-88CE-C9C6FD71F917}.Debug|Any CPU.Build.0 = Debug|Any CPU
		{491C020A-D132-4A97-88CE-C9C6FD71F917}.Release|Any CPU.ActiveCfg = Release|Any CPU
		{491C020A-D132-4A97-88CE-C9C6FD71F917}.Release|Any CPU.Build.0 = Release|Any CPU
		{C9967AEF-9550-482C-A4DB-EFE0A631DF9D}.Debug|Any CPU.ActiveCfg = Debug|Any CPU
		{C9967AEF-9550-482C-A4DB-EFE0A631DF9D}.Debug|Any CPU.Build.0 = Debug|Any CPU
		{C9967AEF-9550-482C-A4DB-EFE0A631DF9D}.Release|Any CPU.ActiveCfg = Release|Any CPU
		{C9967AEF-9550-482C-A4DB-EFE0A631DF9D}.Release|Any CPU.Build.0 = Release|Any CPU
		{5EB759C9-D1CC-472B-BF9E-7A007B5F796F}.Debug|Any CPU.ActiveCfg = Debug|Any CPU
		{5EB759C9-D1CC-472B-BF9E-7A007B5F796F}.Debug|Any CPU.Build.0 = Debug|Any CPU
		{5EB759C9-D1CC-472B-BF9E-7A007B5F796F}.Release|Any CPU.ActiveCfg = Release|Any CPU
		{5EB759C9-D1CC-472B-BF9E-7A007B5F796F}.Release|Any CPU.Build.0 = Release|Any CPU
		{EDD8FCDC-5ED8-46FD-A7FC-1CEE3DB062F0}.Debug|Any CPU.ActiveCfg = Debug|Any CPU
		{EDD8FCDC-5ED8-46FD-A7FC-1CEE3DB062F0}.Debug|Any CPU.Build.0 = Debug|Any CPU
		{EDD8FCDC-5ED8-46FD-A7FC-1CEE3DB062F0}.Release|Any CPU.ActiveCfg = Release|Any CPU
		{EDD8FCDC-5ED8-46FD-A7FC-1CEE3DB062F0}.Release|Any CPU.Build.0 = Release|Any CPU
	EndGlobalSection
	GlobalSection(SolutionProperties) = preSolution
		HideSolutionNode = FALSE
	EndGlobalSection
	GlobalSection(NestedProjects) = preSolution
		{ECF15B73-60D5-4087-93E5-410BC4FEC477} = {94112010-9D5A-487C-A0CA-69EFE58290AE}
		{145764CA-1445-4D5D-85E8-6B577F302D5A} = {94112010-9D5A-487C-A0CA-69EFE58290AE}
		{491C020A-D132-4A97-88CE-C9C6FD71F917} = {94112010-9D5A-487C-A0CA-69EFE58290AE}
		{C9967AEF-9550-482C-A4DB-EFE0A631DF9D} = {94112010-9D5A-487C-A0CA-69EFE58290AE}
		{5EB759C9-D1CC-472B-BF9E-7A007B5F796F} = {94112010-9D5A-487C-A0CA-69EFE58290AE}
		{EDD8FCDC-5ED8-46FD-A7FC-1CEE3DB062F0} = {94112010-9D5A-487C-A0CA-69EFE58290AE}
	EndGlobalSection
	GlobalSection(ExtensibilityGlobals) = postSolution
		SolutionGuid = {F490FAF1-4C04-489D-ADE4-455DF8FE30B3}
	EndGlobalSection
EndGlobal
